
Microsoft Visual Studio Solution File, Format Version 12.00
# Visual Studio Version 16
VisualStudioVersion = 16.0.31112.23
MinimumVisualStudioVersion = 10.0.40219.1
Project("{FAE04EC0-301F-11D3-BF4B-00C04F79EFBC}") = "RentACar2.Api", "RentACar2.Api\RentACar2.Api.csproj", "{37B4B9B1-BC9B-498B-A072-4BE93AF53A78}"
EndProject
Global
	GlobalSection(SolutionConfigurationPlatforms) = preSolution
		Debug|Any CPU = Debug|Any CPU
		Release|Any CPU = Release|Any CPU
	EndGlobalSection
	GlobalSection(ProjectConfigurationPlatforms) = postSolution
		{37B4B9B1-BC9B-498B-A072-4BE93AF53A78}.Debug|Any CPU.ActiveCfg = Debug|Any CPU
		{37B4B9B1-BC9B-498B-A072-4BE93AF53A78}.Debug|Any CPU.Build.0 = Debug|Any CPU
		{37B4B9B1-BC9B-498B-A072-4BE93AF53A78}.Release|Any CPU.ActiveCfg = Release|Any CPU
		{37B4B9B1-BC9B-498B-A072-4BE93AF53A78}.Release|Any CPU.Build.0 = Release|Any CPU
	EndGlobalSection
	GlobalSection(SolutionProperties) = preSolution
		HideSolutionNode = FALSE
	EndGlobalSection
	GlobalSection(ExtensibilityGlobals) = postSolution
		SolutionGuid = {D182484E-CE4A-4E1A-9397-98372AC23362}
	EndGlobalSection
EndGlobal
